// !$*UTF8*$!
{
	archiveVersion = 1;
	classes = {
	};
	objectVersion = 46;
	objects = {

/* Begin PBXBuildFile section */
		8140EDAE1D98EA570040D354 /* File.swift in Sources */ = {isa = PBXBuildFile; fileRef = 8140EDAD1D98EA570040D354 /* File.swift */; };
		817DCA8E1D65566A00D5948A /* AppDelegate.swift in Sources */ = {isa = PBXBuildFile; fileRef = 817DCA8D1D65566A00D5948A /* AppDelegate.swift */; };
		817DCA901D65566A00D5948A /* ViewController.swift in Sources */ = {isa = PBXBuildFile; fileRef = 817DCA8F1D65566A00D5948A /* ViewController.swift */; };
		817DCA931D65566A00D5948A /* Main.storyboard in Resources */ = {isa = PBXBuildFile; fileRef = 817DCA911D65566A00D5948A /* Main.storyboard */; };
		817DCA951D65566A00D5948A /* Assets.xcassets in Resources */ = {isa = PBXBuildFile; fileRef = 817DCA941D65566A00D5948A /* Assets.xcassets */; };
		817DCA981D65566A00D5948A /* LaunchScreen.storyboard in Resources */ = {isa = PBXBuildFile; fileRef = 817DCA961D65566A00D5948A /* LaunchScreen.storyboard */; };
		817DCAA31D65566A00D5948A /* SwiftDemoTests.swift in Sources */ = {isa = PBXBuildFile; fileRef = 817DCAA21D65566A00D5948A /* SwiftDemoTests.swift */; };
		817DCAAE1D65566A00D5948A /* SwiftDemoUITests.swift in Sources */ = {isa = PBXBuildFile; fileRef = 817DCAAD1D65566A00D5948A /* SwiftDemoUITests.swift */; };
		81C8F90E1D6D9CAF00CF4F1B /* DetailViewController.swift in Sources */ = {isa = PBXBuildFile; fileRef = 81C8F90D1D6D9CAF00CF4F1B /* DetailViewController.swift */; };
/* End PBXBuildFile section */

/* Begin PBXContainerItemProxy section */
		817DCA9F1D65566A00D5948A /* PBXContainerItemProxy */ = {
			isa = PBXContainerItemProxy;
			containerPortal = 817DCA821D65566A00D5948A /* Project object */;
			proxyType = 1;
			remoteGlobalIDString = 817DCA891D65566A00D5948A;
			remoteInfo = SwiftDemo;
		};
		817DCAAA1D65566A00D5948A /* PBXContainerItemProxy */ = {
			isa = PBXContainerItemProxy;
			containerPortal = 817DCA821D65566A00D5948A /* Project object */;
			proxyType = 1;
			remoteGlobalIDString = 817DCA891D65566A00D5948A;
			remoteInfo = SwiftDemo;
		};
/* End PBXContainerItemProxy section */

/* Begin PBXFileReference section */
		8140EDAD1D98EA570040D354 /* File.swift */ = {isa = PBXFileReference; fileEncoding = 4; lastKnownFileType = sourcecode.swift; path = File.swift; sourceTree = "<group>"; };
		817DCA8A1D65566A00D5948A /* SwiftDemo.app */ = {isa = PBXFileReference; explicitFileType = wrapper.application; includeInIndex = 0; path = SwiftDemo.app; sourceTree = BUILT_PRODUCTS_DIR; };
		817DCA8D1D65566A00D5948A /* AppDelegate.swift */ = {isa = PBXFileReference; lastKnownFileType = sourcecode.swift; path = AppDelegate.swift; sourceTree = "<group>"; };
		817DCA8F1D65566A00D5948A /* ViewController.swift */ = {isa = PBXFileReference; lastKnownFileType = sourcecode.swift; path = ViewController.swift; sourceTree = "<group>"; };
		817DCA921D65566A00D5948A /* Base */ = {isa = PBXFileReference; lastKnownFileType = file.storyboard; name = Base; path = Base.lproj/Main.storyboard; sourceTree = "<group>"; };
		817DCA941D65566A00D5948A /* Assets.xcassets */ = {isa = PBXFileReference; lastKnownFileType = folder.assetcatalog; path = Assets.xcassets; sourceTree = "<group>"; };
		817DCA971D65566A00D5948A /* Base */ = {isa = PBXFileReference; lastKnownFileType = file.storyboard; name = Base; path = Base.lproj/LaunchScreen.storyboard; sourceTree = "<group>"; };
		817DCA991D65566A00D5948A /* Info.plist */ = {isa = PBXFileReference; lastKnownFileType = text.plist.xml; path = Info.plist; sourceTree = "<group>"; };
		817DCA9E1D65566A00D5948A /* SwiftDemoTests.xctest */ = {isa = PBXFileReference; explicitFileType = wrapper.cfbundle; includeInIndex = 0; path = SwiftDemoTests.xctest; sourceTree = BUILT_PRODUCTS_DIR; };
		817DCAA21D65566A00D5948A /* SwiftDemoTests.swift */ = {isa = PBXFileReference; lastKnownFileType = sourcecode.swift; path = SwiftDemoTests.swift; sourceTree = "<group>"; };
		817DCAA41D65566A00D5948A /* Info.plist */ = {isa = PBXFileReference; lastKnownFileType = text.plist.xml; path = Info.plist; sourceTree = "<group>"; };
		817DCAA91D65566A00D5948A /* SwiftDemoUITests.xctest */ = {isa = PBXFileReference; explicitFileType = wrapper.cfbundle; includeInIndex = 0; path = SwiftDemoUITests.xctest; sourceTree = BUILT_PRODUCTS_DIR; };
		817DCAAD1D65566A00D5948A /* SwiftDemoUITests.swift */ = {isa = PBXFileReference; lastKnownFileType = sourcecode.swift; path = SwiftDemoUITests.swift; sourceTree = "<group>"; };
		817DCAAF1D65566A00D5948A /* Info.plist */ = {isa = PBXFileReference; lastKnownFileType = text.plist.xml; path = Info.plist; sourceTree = "<group>"; };
		81C8F90D1D6D9CAF00CF4F1B /* DetailViewController.swift */ = {isa = PBXFileReference; fileEncoding = 4; lastKnownFileType = sourcecode.swift; path = DetailViewController.swift; sourceTree = "<group>"; };
/* End PBXFileReference section */

/* Begin PBXFrameworksBuildPhase section */
		817DCA871D65566A00D5948A /* Frameworks */ = {
			isa = PBXFrameworksBuildPhase;
			buildActionMask = 2147483647;
			files = (
			);
			runOnlyForDeploymentPostprocessing = 0;
		};
		817DCA9B1D65566A00D5948A /* Frameworks */ = {
			isa = PBXFrameworksBuildPhase;
			buildActionMask = 2147483647;
			files = (
			);
			runOnlyForDeploymentPostprocessing = 0;
		};
		817DCAA61D65566A00D5948A /* Frameworks */ = {
			isa = PBXFrameworksBuildPhase;
			buildActionMask = 2147483647;
			files = (
			);
			runOnlyForDeploymentPostprocessing = 0;
		};
/* End PBXFrameworksBuildPhase section */

/* Begin PBXGroup section */
		817DCA811D65566A00D5948A = {
			isa = PBXGroup;
			children = (
				817DCA8C1D65566A00D5948A /* SwiftDemo */,
				817DCAA11D65566A00D5948A /* SwiftDemoTests */,
				817DCAAC1D65566A00D5948A /* SwiftDemoUITests */,
				817DCA8B1D65566A00D5948A /* Products */,
			);
			sourceTree = "<group>";
		};
		817DCA8B1D65566A00D5948A /* Products */ = {
			isa = PBXGroup;
			children = (
				817DCA8A1D65566A00D5948A /* SwiftDemo.app */,
				817DCA9E1D65566A00D5948A /* SwiftDemoTests.xctest */,
				817DCAA91D65566A00D5948A /* SwiftDemoUITests.xctest */,
			);
			name = Products;
			sourceTree = "<group>";
		};
		817DCA8C1D65566A00D5948A /* SwiftDemo */ = {
			isa = PBXGroup;
			children = (
				817DCA8D1D65566A00D5948A /* AppDelegate.swift */,
				817DCA8F1D65566A00D5948A /* ViewController.swift */,
				81C8F90D1D6D9CAF00CF4F1B /* DetailViewController.swift */,
				8140EDAD1D98EA570040D354 /* File.swift */,
				817DCA911D65566A00D5948A /* Main.storyboard */,
				817DCA941D65566A00D5948A /* Assets.xcassets */,
				817DCA961D65566A00D5948A /* LaunchScreen.storyboard */,
				817DCA991D65566A00D5948A /* Info.plist */,
			);
			path = SwiftDemo;
			sourceTree = "<group>";
		};
		817DCAA11D65566A00D5948A /* SwiftDemoTests */ = {
			isa = PBXGroup;
			children = (
				817DCAA21D65566A00D5948A /* SwiftDemoTests.swift */,
				817DCAA41D65566A00D5948A /* Info.plist */,
			);
			path = SwiftDemoTests;
			sourceTree = "<group>";
		};
		817DCAAC1D65566A00D5948A /* SwiftDemoUITests */ = {
			isa = PBXGroup;
			children = (
				817DCAAD1D65566A00D5948A /* SwiftDemoUITests.swift */,
				817DCAAF1D65566A00D5948A /* Info.plist */,
			);
			path = SwiftDemoUITests;
			sourceTree = "<group>";
		};
/* End PBXGroup section */

/* Begin PBXNativeTarget section */
		817DCA891D65566A00D5948A /* SwiftDemo */ = {
			isa = PBXNativeTarget;
			buildConfigurationList = 817DCAB21D65566A00D5948A /* Build configuration list for PBXNativeTarget "SwiftDemo" */;
			buildPhases = (
				817DCA861D65566A00D5948A /* Sources */,
				817DCA871D65566A00D5948A /* Frameworks */,
				817DCA881D65566A00D5948A /* Resources */,
			);
			buildRules = (
			);
			dependencies = (
			);
			name = SwiftDemo;
			productName = SwiftDemo;
			productReference = 817DCA8A1D65566A00D5948A /* SwiftDemo.app */;
			productType = "com.apple.product-type.application";
		};
		817DCA9D1D65566A00D5948A /* SwiftDemoTests */ = {
			isa = PBXNativeTarget;
			buildConfigurationList = 817DCAB51D65566A00D5948A /* Build configuration list for PBXNativeTarget "SwiftDemoTests" */;
			buildPhases = (
				817DCA9A1D65566A00D5948A /* Sources */,
				817DCA9B1D65566A00D5948A /* Frameworks */,
				817DCA9C1D65566A00D5948A /* Resources */,
			);
			buildRules = (
			);
			dependencies = (
				817DCAA01D65566A00D5948A /* PBXTargetDependency */,
			);
			name = SwiftDemoTests;
			productName = SwiftDemoTests;
			productReference = 817DCA9E1D65566A00D5948A /* SwiftDemoTests.xctest */;
			productType = "com.apple.product-type.bundle.unit-test";
		};
		817DCAA81D65566A00D5948A /* SwiftDemoUITests */ = {
			isa = PBXNativeTarget;
			buildConfigurationList = 817DCAB81D65566A00D5948A /* Build configuration list for PBXNativeTarget "SwiftDemoUITests" */;
			buildPhases = (
				817DCAA51D65566A00D5948A /* Sources */,
				817DCAA61D65566A00D5948A /* Frameworks */,
				817DCAA71D65566A00D5948A /* Resources */,
			);
			buildRules = (
			);
			dependencies = (
				817DCAAB1D65566A00D5948A /* PBXTargetDependency */,
			);
			name = SwiftDemoUITests;
			productName = SwiftDemoUITests;
			productReference = 817DCAA91D65566A00D5948A /* SwiftDemoUITests.xctest */;
			productType = "com.apple.product-type.bundle.ui-testing";
		};
/* End PBXNativeTarget section */

/* Begin PBXProject section */
		817DCA821D65566A00D5948A /* Project object */ = {
			isa = PBXProject;
			attributes = {
				LastSwiftUpdateCheck = 0720;
				LastUpgradeCheck = 0720;
				ORGANIZATIONNAME = Wind;
				TargetAttributes = {
					817DCA891D65566A00D5948A = {
						CreatedOnToolsVersion = 7.2.1;
						DevelopmentTeam = FSL3FCUGV3;
						LastSwiftMigration = 0800;
					};
					817DCA9D1D65566A00D5948A = {
						CreatedOnToolsVersion = 7.2.1;
						LastSwiftMigration = 0800;
						TestTargetID = 817DCA891D65566A00D5948A;
					};
					817DCAA81D65566A00D5948A = {
						CreatedOnToolsVersion = 7.2.1;
						LastSwiftMigration = 0800;
						TestTargetID = 817DCA891D65566A00D5948A;
					};
				};
			};
			buildConfigurationList = 817DCA851D65566A00D5948A /* Build configuration list for PBXProject "SwiftDemo" */;
			compatibilityVersion = "Xcode 3.2";
			developmentRegion = English;
			hasScannedForEncodings = 0;
			knownRegions = (
				en,
				Base,
			);
			mainGroup = 817DCA811D65566A00D5948A;
			productRefGroup = 817DCA8B1D65566A00D5948A /* Products */;
			projectDirPath = "";
			projectRoot = "";
			targets = (
				817DCA891D65566A00D5948A /* SwiftDemo */,
				817DCA9D1D65566A00D5948A /* SwiftDemoTests */,
				817DCAA81D65566A00D5948A /* SwiftDemoUITests */,
			);
		};
/* End PBXProject section */

/* Begin PBXResourcesBuildPhase section */
		817DCA881D65566A00D5948A /* Resources */ = {
			isa = PBXResourcesBuildPhase;
			buildActionMask = 2147483647;
			files = (
				817DCA981D65566A00D5948A /* LaunchScreen.storyboard in Resources */,
				817DCA951D65566A00D5948A /* Assets.xcassets in Resources */,
				817DCA931D65566A00D5948A /* Main.storyboard in Resources */,
			);
			runOnlyForDeploymentPostprocessing = 0;
		};
		817DCA9C1D65566A00D5948A /* Resources */ = {
			isa = PBXResourcesBuildPhase;
			buildActionMask = 2147483647;
			files = (
			);
			runOnlyForDeploymentPostprocessing = 0;
		};
		817DCAA71D65566A00D5948A /* Resources */ = {
			isa = PBXResourcesBuildPhase;
			buildActionMask = 2147483647;
			files = (
			);
			runOnlyForDeploymentPostprocessing = 0;
		};
/* End PBXResourcesBuildPhase section */

/* Begin PBXSourcesBuildPhase section */
		817DCA861D65566A00D5948A /* Sources */ = {
			isa = PBXSourcesBuildPhase;
			buildActionMask = 2147483647;
			files = (
				81C8F90E1D6D9CAF00CF4F1B /* DetailViewController.swift in Sources */,
				8140EDAE1D98EA570040D354 /* File.swift in Sources */,
				817DCA901D65566A00D5948A /* ViewController.swift in Sources */,
				817DCA8E1D65566A00D5948A /* AppDelegate.swift in Sources */,
			);
			runOnlyForDeploymentPostprocessing = 0;
		};
		817DCA9A1D65566A00D5948A /* Sources */ = {
			isa = PBXSourcesBuildPhase;
			buildActionMask = 2147483647;
			files = (
				817DCAA31D65566A00D5948A /* SwiftDemoTests.swift in Sources */,
			);
			runOnlyForDeploymentPostprocessing = 0;
		};
		817DCAA51D65566A00D5948A /* Sources */ = {
			isa = PBXSourcesBuildPhase;
			buildActionMask = 2147483647;
			files = (
				817DCAAE1D65566A00D5948A /* SwiftDemoUITests.swift in Sources */,
			);
			runOnlyForDeploymentPostprocessing = 0;
		};
/* End PBXSourcesBuildPhase section */

/* Begin PBXTargetDependency section */
		817DCAA01D65566A00D5948A /* PBXTargetDependency */ = {
			isa = PBXTargetDependency;
			target = 817DCA891D65566A00D5948A /* SwiftDemo */;
			targetProxy = 817DCA9F1D65566A00D5948A /* PBXContainerItemProxy */;
		};
		817DCAAB1D65566A00D5948A /* PBXTargetDependency */ = {
			isa = PBXTargetDependency;
			target = 817DCA891D65566A00D5948A /* SwiftDemo */;
			targetProxy = 817DCAAA1D65566A00D5948A /* PBXContainerItemProxy */;
		};
/* End PBXTargetDependency section */

/* Begin PBXVariantGroup section */
		817DCA911D65566A00D5948A /* Main.storyboard */ = {
			isa = PBXVariantGroup;
			children = (
				817DCA921D65566A00D5948A /* Base */,
			);
			name = Main.storyboard;
			sourceTree = "<group>";
		};
		817DCA961D65566A00D5948A /* LaunchScreen.storyboard */ = {
			isa = PBXVariantGroup;
			children = (
				817DCA971D65566A00D5948A /* Base */,
			);
			name = LaunchScreen.storyboard;
			sourceTree = "<group>";
		};
/* End PBXVariantGroup section */

/* Begin XCBuildConfiguration section */
		817DCAB01D65566A00D5948A /* Debug */ = {
			isa = XCBuildConfiguration;
			buildSettings = {
				ALWAYS_SEARCH_USER_PATHS = NO;
				CLANG_CXX_LANGUAGE_STANDARD = "gnu++0x";
				CLANG_CXX_LIBRARY = "libc++";
				CLANG_ENABLE_MODULES = YES;
				CLANG_ENABLE_OBJC_ARC = YES;
				CLANG_WARN_BOOL_CONVERSION = YES;
				CLANG_WARN_CONSTANT_CONVERSION = YES;
				CLANG_WARN_DIRECT_OBJC_ISA_USAGE = YES_ERROR;
				CLANG_WARN_EMPTY_BODY = YES;
				CLANG_WARN_ENUM_CONVERSION = YES;
				CLANG_WARN_INT_CONVERSION = YES;
				CLANG_WARN_OBJC_ROOT_CLASS = YES_ERROR;
				CLANG_WARN_UNREACHABLE_CODE = YES;
				CLANG_WARN__DUPLICATE_METHOD_MATCH = YES;
				"CODE_SIGN_IDENTITY[sdk=iphoneos*]" = "iPhone Developer";
				COPY_PHASE_STRIP = NO;
				DEBUG_INFORMATION_FORMAT = dwarf;
				ENABLE_STRICT_OBJC_MSGSEND = YES;
				ENABLE_TESTABILITY = YES;
				GCC_C_LANGUAGE_STANDARD = gnu99;
				GCC_DYNAMIC_NO_PIC = NO;
				GCC_NO_COMMON_BLOCKS = YES;
				GCC_OPTIMIZATION_LEVEL = 0;
				GCC_PREPROCESSOR_DEFINITIONS = (
					"DEBUG=1",
					"$(inherited)",
				);
				GCC_WARN_64_TO_32_BIT_CONVERSION = YES;
				GCC_WARN_ABOUT_RETURN_TYPE = YES_ERROR;
				GCC_WARN_UNDECLARED_SELECTOR = YES;
				GCC_WARN_UNINITIALIZED_AUTOS = YES_AGGRESSIVE;
				GCC_WARN_UNUSED_FUNCTION = YES;
				GCC_WARN_UNUSED_VARIABLE = YES;
				IPHONEOS_DEPLOYMENT_TARGET = 9.2;
				MTL_ENABLE_DEBUG_INFO = YES;
				ONLY_ACTIVE_ARCH = YES;
				SDKROOT = iphoneos;
				SWIFT_OPTIMIZATION_LEVEL = "-Onone";
			};
			name = Debug;
		};
		817DCAB11D65566A00D5948A /* Release */ = {
			isa = XCBuildConfiguration;
			buildSettings = {
				ALWAYS_SEARCH_USER_PATHS = NO;
				CLANG_CXX_LANGUAGE_STANDARD = "gnu++0x";
				CLANG_CXX_LIBRARY = "libc++";
				CLANG_ENABLE_MODULES = YES;
				CLANG_ENABLE_OBJC_ARC = YES;
				CLANG_WARN_BOOL_CONVERSION = YES;
				CLANG_WARN_CONSTANT_CONVERSION = YES;
				CLANG_WARN_DIRECT_OBJC_ISA_USAGE = YES_ERROR;
				CLANG_WARN_EMPTY_BODY = YES;
				CLANG_WARN_ENUM_CONVERSION = YES;
				CLANG_WARN_INT_CONVERSION = YES;
				CLANG_WARN_OBJC_ROOT_CLASS = YES_ERROR;
				CLANG_WARN_UNREACHABLE_CODE = YES;
				CLANG_WARN__DUPLICATE_METHOD_MATCH = YES;
				"CODE_SIGN_IDENTITY[sdk=iphoneos*]" = "iPhone Developer";
				COPY_PHASE_STRIP = NO;
				DEBUG_INFORMATION_FORMAT = "dwarf-with-dsym";
				ENABLE_NS_ASSERTIONS = NO;
				ENABLE_STRICT_OBJC_MSGSEND = YES;
				GCC_C_LANGUAGE_STANDARD = gnu99;
				GCC_NO_COMMON_BLOCKS = YES;
				GCC_WARN_64_TO_32_BIT_CONVERSION = YES;
				GCC_WARN_ABOUT_RETURN_TYPE = YES_ERROR;
				GCC_WARN_UNDECLARED_SELECTOR = YES;
				GCC_WARN_UNINITIALIZED_AUTOS = YES_AGGRESSIVE;
				GCC_WARN_UNUSED_FUNCTION = YES;
				GCC_WARN_UNUSED_VARIABLE = YES;
				IPHONEOS_DEPLOYMENT_TARGET = 9.2;
				MTL_ENABLE_DEBUG_INFO = NO;
				SDKROOT = iphoneos;
				VALIDATE_PRODUCT = YES;
			};
			name = Release;
		};
		817DCAB31D65566A00D5948A /* Debug */ = {
			isa = XCBuildConfiguration;
			buildSettings = {
				ASSETCATALOG_COMPILER_APPICON_NAME = AppIcon;
				CODE_SIGN_IDENTITY = "iPhone Developer";
				INFOPLIST_FILE = SwiftDemo/Info.plist;
				LD_RUNPATH_SEARCH_PATHS = "$(inherited) @executable_path/Frameworks";
				PRODUCT_BUNDLE_IDENTIFIER = com.excenon.SwiftDemo;
				PRODUCT_NAME = "$(TARGET_NAME)";
				SWIFT_VERSION = 3.0;
			};
			name = Debug;
		};
		817DCAB41D65566A00D5948A /* Release */ = {
			isa = XCBuildConfiguration;
			buildSettings = {
				ASSETCATALOG_COMPILER_APPICON_NAME = AppIcon;
				CODE_SIGN_IDENTITY = "iPhone Developer";
				INFOPLIST_FILE = SwiftDemo/Info.plist;
				LD_RUNPATH_SEARCH_PATHS = "$(inherited) @executable_path/Frameworks";
				PRODUCT_BUNDLE_IDENTIFIER = com.excenon.SwiftDemo;
				PRODUCT_NAME = "$(TARGET_NAME)";
				SWIFT_VERSION = 3.0;
			};
			name = Release;
		};
		817DCAB61D65566A00D5948A /* Debug */ = {
			isa = XCBuildConfiguration;
			buildSettings = {
				BUNDLE_LOADER = "$(TEST_HOST)";
				INFOPLIST_FILE = SwiftDemoTests/Info.plist;
				LD_RUNPATH_SEARCH_PATHS = "$(inherited) @executable_path/Frameworks @loader_path/Frameworks";
				PRODUCT_BUNDLE_IDENTIFIER = com.excenon.SwiftDemoTests;
				PRODUCT_NAME = "$(TARGET_NAME)";
				SWIFT_VERSION = 3.0;
				TEST_HOST = "$(BUILT_PRODUCTS_DIR)/SwiftDemo.app/SwiftDemo";
			};
			name = Debug;
		};
		817DCAB71D65566A00D5948A /* Release */ = {
			isa = XCBuildConfiguration;
			buildSettings = {
				BUNDLE_LOADER = "$(TEST_HOST)";
				INFOPLIST_FILE = SwiftDemoTests/Info.plist;
				LD_RUNPATH_SEARCH_PATHS = "$(inherited) @executable_path/Frameworks @loader_path/Frameworks";
				PRODUCT_BUNDLE_IDENTIFIER = com.excenon.SwiftDemoTests;
				PRODUCT_NAME = "$(TARGET_NAME)";
				SWIFT_VERSION = 3.0;
				TEST_HOST = "$(BUILT_PRODUCTS_DIR)/SwiftDemo.app/SwiftDemo";
			};
			name = Release;
		};
		817DCAB91D65566A00D5948A /* Debug */ = {
			isa = XCBuildConfiguration;
			buildSettings = {
				INFOPLIST_FILE = SwiftDemoUITests/Info.plist;
				LD_RUNPATH_SEARCH_PATHS = "$(inherited) @executable_path/Frameworks @loader_path/Frameworks";
				PRODUCT_BUNDLE_IDENTIFIER = com.excenon.SwiftDemoUITests;
				PRODUCT_NAME = "$(TARGET_NAME)";
				SWIFT_VERSION = 3.0;
				TEST_TARGET_NAME = SwiftDemo;
				USES_XCTRUNNER = YES;
			};
			name = Debug;
		};
		817DCABA1D65566A00D5948A /* Release */ = {
			isa = XCBuildConfiguration;
			buildSettings = {
				INFOPLIST_FILE = SwiftDemoUITests/Info.plist;
				LD_RUNPATH_SEARCH_PATHS = "$(inherited) @executable_path/Frameworks @loader_path/Frameworks";
				PRODUCT_BUNDLE_IDENTIFIER = com.excenon.SwiftDemoUITests;
				PRODUCT_NAME = "$(TARGET_NAME)";
				SWIFT_VERSION = 3.0;
				TEST_TARGET_NAME = SwiftDemo;
				USES_XCTRUNNER = YES;
			};
			name = Release;
		};
/* End XCBuildConfiguration section */

/* Begin XCConfigurationList section */
		817DCA851D65566A00D5948A /* Build configuration list for PBXProject "SwiftDemo" */ = {
			isa = XCConfigurationList;
			buildConfigurations = (
				817DCAB01D65566A00D5948A /* Debug */,
				817DCAB11D65566A00D5948A /* Release */,
			);
			defaultConfigurationIsVisible = 0;
			defaultConfigurationName = Release;
		};
		817DCAB21D65566A00D5948A /* Build configuration list for PBXNativeTarget "SwiftDemo" */ = {
			isa = XCConfigurationList;
			buildConfigurations = (
				817DCAB31D65566A00D5948A /* Debug */,
				817DCAB41D65566A00D5948A /* Release */,
			);
			defaultConfigurationIsVisible = 0;
			defaultConfigurationName = Release;
		};
		817DCAB51D65566A00D5948A /* Build configuration list for PBXNativeTarget "SwiftDemoTests" */ = {
			isa = XCConfigurationList;
			buildConfigurations = (
				817DCAB61D65566A00D5948A /* Debug */,
				817DCAB71D65566A00D5948A /* Release */,
			);
			defaultConfigurationIsVisible = 0;
			defaultConfigurationName = Release;
		};
		817DCAB81D65566A00D5948A /* Build configuration list for PBXNativeTarget "SwiftDemoUITests" */ = {
			isa = XCConfigurationList;
			buildConfigurations = (
				817DCAB91D65566A00D5948A /* Debug */,
				817DCABA1D65566A00D5948A /* Release */,
			);
			defaultConfigurationIsVisible = 0;
			defaultConfigurationName = Release;
		};
/* End XCConfigurationList section */
	};
	rootObject = 817DCA821D65566A00D5948A /* Project object */;
}
